
Microsoft Visual Studio Solution File, Format Version 12.00
# Visual Studio 15
VisualStudioVersion = 15.0.27428.2002
MinimumVisualStudioVersion = 10.0.40219.1
Project("{FAE04EC0-301F-11D3-BF4B-00C04F79EFBC}") = "WEBCORE", "WEBCORE\WEBCORE.csproj", "{1C6140AF-DC53-485E-84AB-2AF0A2610131}"
EndProject
Global
	GlobalSection(SolutionConfigurationPlatforms) = preSolution
		Debug|Any CPU = Debug|Any CPU
		Release|Any CPU = Release|Any CPU
	EndGlobalSection
	GlobalSection(ProjectConfigurationPlatforms) = postSolution
		{1C6140AF-DC53-485E-84AB-2AF0A2610131}.Debug|Any CPU.ActiveCfg = Debug|Any CPU
		{1C6140AF-DC53-485E-84AB-2AF0A2610131}.Debug|Any CPU.Build.0 = Debug|Any CPU
		{1C6140AF-DC53-485E-84AB-2AF0A2610131}.Release|Any CPU.ActiveCfg = Release|Any CPU
		{1C6140AF-DC53-485E-84AB-2AF0A2610131}.Release|Any CPU.Build.0 = Release|Any CPU
	EndGlobalSection
	GlobalSection(SolutionProperties) = preSolution
		HideSolutionNode = FALSE
	EndGlobalSection
	GlobalSection(ExtensibilityGlobals) = postSolution
		SolutionGuid = {F341DE45-EBB1-4356-9FE0-09C55E9FCE28}
	EndGlobalSection
EndGlobal
